
Microsoft Visual Studio Solution File, Format Version 12.00
# Visual Studio Version 17
VisualStudioVersion = 17.6.33829.357
MinimumVisualStudioVersion = 10.0.40219.1
Project("{FAE04EC0-301F-11D3-BF4B-00C04F79EFBC}") = "ConsoleApp1", "ConsoleApp1\ConsoleApp1.csproj", "{C245ADD8-2A5D-45B6-8EE4-F0978F25D0E3}"
EndProject
Global
	GlobalSection(SolutionConfigurationPlatforms) = preSolution
		Debug|Any CPU = Debug|Any CPU
		Release|Any CPU = Release|Any CPU
	EndGlobalSection
	GlobalSection(ProjectConfigurationPlatforms) = postSolution
		{C245ADD8-2A5D-45B6-8EE4-F0978F25D0E3}.Debug|Any CPU.ActiveCfg = Debug|Any CPU
		{C245ADD8-2A5D-45B6-8EE4-F0978F25D0E3}.Debug|Any CPU.Build.0 = Debug|Any CPU
		{C245ADD8-2A5D-45B6-8EE4-F0978F25D0E3}.Release|Any CPU.ActiveCfg = Release|Any CPU
		{C245ADD8-2A5D-45B6-8EE4-F0978F25D0E3}.Release|Any CPU.Build.0 = Release|Any CPU
	EndGlobalSection
	GlobalSection(SolutionProperties) = preSolution
		HideSolutionNode = FALSE
	EndGlobalSection
	GlobalSection(ExtensibilityGlobals) = postSolution
		SolutionGuid = {791E15DA-36BD-47F0-A284-54068A73B60C}
	EndGlobalSection
EndGlobal
